
Microsoft Visual Studio Solution File, Format Version 12.00
# Visual Studio Version 16
VisualStudioVersion = 16.0.31729.503
MinimumVisualStudioVersion = 10.0.40219.1
Project("{9A19103F-16F7-4668-BE54-9A1E7A4F7556}") = "LoopsAndRandomNumbers", "LoopsAndRandomNumbers\LoopsAndRandomNumbers.csproj", "{32592C90-88D3-44B2-BA1B-623814887540}"
EndProject
Project("{9A19103F-16F7-4668-BE54-9A1E7A4F7556}") = "PINInfiniteLoop", "PINInfiniteLoop\PINInfiniteLoop.csproj", "{289B0DCE-2EE2-47E3-9268-44A0D6E3A27D}"
EndProject
Project("{9A19103F-16F7-4668-BE54-9A1E7A4F7556}") = "RandomNumber", "RandomNumber\RandomNumber.csproj", "{987436E1-E8BD-4211-88FC-A6615FD0BE7F}"
EndProject
Project("{FAE04EC0-301F-11D3-BF4B-00C04F79EFBC}") = "GuessGameInfinite", "GuessGameInfinite\GuessGameInfinite.csproj", "{A734DF8E-FC88-40F6-93F0-56A1D86029A2}"
EndProject
Project("{FAE04EC0-301F-11D3-BF4B-00C04F79EFBC}") = "GuessGameThreeTimes", "GuessGameThreeTimes\GuessGameThreeTimes.csproj", "{B3977662-8944-4823-808A-53D7A90509A9}"
EndProject
Global
	GlobalSection(SolutionConfigurationPlatforms) = preSolution
		Debug|Any CPU = Debug|Any CPU
		Release|Any CPU = Release|Any CPU
	EndGlobalSection
	GlobalSection(ProjectConfigurationPlatforms) = postSolution
		{32592C90-88D3-44B2-BA1B-623814887540}.Debug|Any CPU.ActiveCfg = Debug|Any CPU
		{32592C90-88D3-44B2-BA1B-623814887540}.Debug|Any CPU.Build.0 = Debug|Any CPU
		{32592C90-88D3-44B2-BA1B-623814887540}.Release|Any CPU.ActiveCfg = Release|Any CPU
		{32592C90-88D3-44B2-BA1B-623814887540}.Release|Any CPU.Build.0 = Release|Any CPU
		{289B0DCE-2EE2-47E3-9268-44A0D6E3A27D}.Debug|Any CPU.ActiveCfg = Debug|Any CPU
		{289B0DCE-2EE2-47E3-9268-44A0D6E3A27D}.Debug|Any CPU.Build.0 = Debug|Any CPU
		{289B0DCE-2EE2-47E3-9268-44A0D6E3A27D}.Release|Any CPU.ActiveCfg = Release|Any CPU
		{289B0DCE-2EE2-47E3-9268-44A0D6E3A27D}.Release|Any CPU.Build.0 = Release|Any CPU
		{987436E1-E8BD-4211-88FC-A6615FD0BE7F}.Debug|Any CPU.ActiveCfg = Debug|Any CPU
		{987436E1-E8BD-4211-88FC-A6615FD0BE7F}.Debug|Any CPU.Build.0 = Debug|Any CPU
		{987436E1-E8BD-4211-88FC-A6615FD0BE7F}.Release|Any CPU.ActiveCfg = Release|Any CPU
		{987436E1-E8BD-4211-88FC-A6615FD0BE7F}.Release|Any CPU.Build.0 = Release|Any CPU
		{A734DF8E-FC88-40F6-93F0-56A1D86029A2}.Debug|Any CPU.ActiveCfg = Debug|Any CPU
		{A734DF8E-FC88-40F6-93F0-56A1D86029A2}.Debug|Any CPU.Build.0 = Debug|Any CPU
		{A734DF8E-FC88-40F6-93F0-56A1D86029A2}.Release|Any CPU.ActiveCfg = Release|Any CPU
		{A734DF8E-FC88-40F6-93F0-56A1D86029A2}.Release|Any CPU.Build.0 = Release|Any CPU
		{B3977662-8944-4823-808A-53D7A90509A9}.Debug|Any CPU.ActiveCfg = Debug|Any CPU
		{B3977662-8944-4823-808A-53D7A90509A9}.Debug|Any CPU.Build.0 = Debug|Any CPU
		{B3977662-8944-4823-808A-53D7A90509A9}.Release|Any CPU.ActiveCfg = Release|Any CPU
		{B3977662-8944-4823-808A-53D7A90509A9}.Release|Any CPU.Build.0 = Release|Any CPU
	EndGlobalSection
	GlobalSection(SolutionProperties) = preSolution
		HideSolutionNode = FALSE
	EndGlobalSection
	GlobalSection(ExtensibilityGlobals) = postSolution
		SolutionGuid = {929606C7-D6D6-4D06-AF0E-46958901829C}
	EndGlobalSection
EndGlobal
